
Microsoft Visual Studio Solution File, Format Version 12.00
# Visual Studio Version 17
VisualStudioVersion = 17.0.31903.59
MinimumVisualStudioVersion = 10.0.40219.1
Project("{FAE04EC0-301F-11D3-BF4B-00C04F79EFBC}") = "BinaryTree", "BinaryTree\BinaryTree.csproj", "{238F0BF1-0D3A-4B3E-95AD-B61D25EF2171}"
EndProject
Project("{FAE04EC0-301F-11D3-BF4B-00C04F79EFBC}") = "Solution", "Solution\Solution.csproj", "{76217B39-C26D-432D-BCC3-2C1EC775AE93}"
EndProject
Project("{FAE04EC0-301F-11D3-BF4B-00C04F79EFBC}") = "Solution.Tests", "Solution.Tests\Solution.Tests.csproj", "{6A813EF0-179B-40A0-BBF4-667C2DEAE50C}"
EndProject
Global
	GlobalSection(SolutionConfigurationPlatforms) = preSolution
		Debug|Any CPU = Debug|Any CPU
		Release|Any CPU = Release|Any CPU
	EndGlobalSection
	GlobalSection(SolutionProperties) = preSolution
		HideSolutionNode = FALSE
	EndGlobalSection
	GlobalSection(ProjectConfigurationPlatforms) = postSolution
		{238F0BF1-0D3A-4B3E-95AD-B61D25EF2171}.Debug|Any CPU.ActiveCfg = Debug|Any CPU
		{238F0BF1-0D3A-4B3E-95AD-B61D25EF2171}.Debug|Any CPU.Build.0 = Debug|Any CPU
		{238F0BF1-0D3A-4B3E-95AD-B61D25EF2171}.Release|Any CPU.ActiveCfg = Release|Any CPU
		{238F0BF1-0D3A-4B3E-95AD-B61D25EF2171}.Release|Any CPU.Build.0 = Release|Any CPU
		{76217B39-C26D-432D-BCC3-2C1EC775AE93}.Debug|Any CPU.ActiveCfg = Debug|Any CPU
		{76217B39-C26D-432D-BCC3-2C1EC775AE93}.Debug|Any CPU.Build.0 = Debug|Any CPU
		{76217B39-C26D-432D-BCC3-2C1EC775AE93}.Release|Any CPU.ActiveCfg = Release|Any CPU
		{76217B39-C26D-432D-BCC3-2C1EC775AE93}.Release|Any CPU.Build.0 = Release|Any CPU
		{6A813EF0-179B-40A0-BBF4-667C2DEAE50C}.Debug|Any CPU.ActiveCfg = Debug|Any CPU
		{6A813EF0-179B-40A0-BBF4-667C2DEAE50C}.Debug|Any CPU.Build.0 = Debug|Any CPU
		{6A813EF0-179B-40A0-BBF4-667C2DEAE50C}.Release|Any CPU.ActiveCfg = Release|Any CPU
		{6A813EF0-179B-40A0-BBF4-667C2DEAE50C}.Release|Any CPU.Build.0 = Release|Any CPU
	EndGlobalSection
EndGlobal
